// !$*UTF8*$!
{
	archiveVersion = 1;
	classes = {
	};
	objectVersion = 56;
	objects = {

/* Begin PBXBuildFile section */
		6911E8C72B609CA2005F02AB /* DetailViewModel.swift in Sources */ = {isa = PBXBuildFile; fileRef = 6911E8C62B609CA2005F02AB /* DetailViewModel.swift */; };
		6911E8C92B609CCD005F02AB /* DetailView.swift in Sources */ = {isa = PBXBuildFile; fileRef = 6911E8C82B609CCD005F02AB /* DetailView.swift */; };
		6911E8CB2B60E77A005F02AB /* SuggestionEntitiy.swift in Sources */ = {isa = PBXBuildFile; fileRef = 6911E8CA2B60E77A005F02AB /* SuggestionEntitiy.swift */; };
		6911E8D12B611AE0005F02AB /* AgentView.swift in Sources */ = {isa = PBXBuildFile; fileRef = 6911E8D02B611AE0005F02AB /* AgentView.swift */; };
		6911E8DD2B679BAA005F02AB /* AdcioAgent in Frameworks */ = {isa = PBXBuildFile; productRef = 6911E8DC2B679BAA005F02AB /* AdcioAgent */; };
		6911E8DF2B679BAA005F02AB /* AdcioAnalytics in Frameworks */ = {isa = PBXBuildFile; productRef = 6911E8DE2B679BAA005F02AB /* AdcioAnalytics */; };
		6911E8E12B679BAA005F02AB /* AdcioPlacement in Frameworks */ = {isa = PBXBuildFile; productRef = 6911E8E02B679BAA005F02AB /* AdcioPlacement */; };
		6911E8E32B679BAA005F02AB /* AdcioSDK in Frameworks */ = {isa = PBXBuildFile; productRef = 6911E8E22B679BAA005F02AB /* AdcioSDK */; };
		6911E8E52B68CF95005F02AB /* HomeView.swift in Sources */ = {isa = PBXBuildFile; fileRef = 6911E8E42B68CF95005F02AB /* HomeView.swift */; };
		9BDAC64F2B5F86850035DEC4 /* HomeViewModel.swift in Sources */ = {isa = PBXBuildFile; fileRef = 9BDAC64E2B5F86850035DEC4 /* HomeViewModel.swift */; };
		9BDAC6522B5FB18E0035DEC4 /* Parser.swift in Sources */ = {isa = PBXBuildFile; fileRef = 9BDAC6512B5FB18E0035DEC4 /* Parser.swift */; };
		9BDAC6542B5FD5A80035DEC4 /* Mapper.swift in Sources */ = {isa = PBXBuildFile; fileRef = 9BDAC6532B5FD5A80035DEC4 /* Mapper.swift */; };
		B34C29132B04C25D00FE212B /* LogOptionEntity.swift in Sources */ = {isa = PBXBuildFile; fileRef = B34C29122B04C25D00FE212B /* LogOptionEntity.swift */; };
		B3C1DE642AFC76B200A1DF47 /* Product.json in Resources */ = {isa = PBXBuildFile; fileRef = B3C1DE632AFC76B200A1DF47 /* Product.json */; };
		B3C1DE672AFC776600A1DF47 /* ProductEntity.swift in Sources */ = {isa = PBXBuildFile; fileRef = B3C1DE662AFC776600A1DF47 /* ProductEntity.swift */; };
		B3E17EEF2AFB2E8300C1BB91 /* DemoApp.swift in Sources */ = {isa = PBXBuildFile; fileRef = B3E17EEE2AFB2E8300C1BB91 /* DemoApp.swift */; };
		B3E17EF12AFB2E8300C1BB91 /* ContentView.swift in Sources */ = {isa = PBXBuildFile; fileRef = B3E17EF02AFB2E8300C1BB91 /* ContentView.swift */; };
		B3E17EF32AFB2E8300C1BB91 /* Assets.xcassets in Resources */ = {isa = PBXBuildFile; fileRef = B3E17EF22AFB2E8300C1BB91 /* Assets.xcassets */; };
		B3E17EF62AFB2E8300C1BB91 /* Preview Assets.xcassets in Resources */ = {isa = PBXBuildFile; fileRef = B3E17EF52AFB2E8300C1BB91 /* Preview Assets.xcassets */; };
/* End PBXBuildFile section */

/* Begin PBXFileReference section */
		6911E8C62B609CA2005F02AB /* DetailViewModel.swift */ = {isa = PBXFileReference; lastKnownFileType = sourcecode.swift; path = DetailViewModel.swift; sourceTree = "<group>"; };
		6911E8C82B609CCD005F02AB /* DetailView.swift */ = {isa = PBXFileReference; lastKnownFileType = sourcecode.swift; path = DetailView.swift; sourceTree = "<group>"; };
		6911E8CA2B60E77A005F02AB /* SuggestionEntitiy.swift */ = {isa = PBXFileReference; lastKnownFileType = sourcecode.swift; path = SuggestionEntitiy.swift; sourceTree = "<group>"; };
		6911E8D02B611AE0005F02AB /* AgentView.swift */ = {isa = PBXFileReference; lastKnownFileType = sourcecode.swift; path = AgentView.swift; sourceTree = "<group>"; };
		6911E8E42B68CF95005F02AB /* HomeView.swift */ = {isa = PBXFileReference; lastKnownFileType = sourcecode.swift; path = HomeView.swift; sourceTree = "<group>"; };
		9BDAC64E2B5F86850035DEC4 /* HomeViewModel.swift */ = {isa = PBXFileReference; lastKnownFileType = sourcecode.swift; path = HomeViewModel.swift; sourceTree = "<group>"; };
		9BDAC6512B5FB18E0035DEC4 /* Parser.swift */ = {isa = PBXFileReference; lastKnownFileType = sourcecode.swift; path = Parser.swift; sourceTree = "<group>"; };
		9BDAC6532B5FD5A80035DEC4 /* Mapper.swift */ = {isa = PBXFileReference; lastKnownFileType = sourcecode.swift; path = Mapper.swift; sourceTree = "<group>"; };
		B34C29122B04C25D00FE212B /* LogOptionEntity.swift */ = {isa = PBXFileReference; lastKnownFileType = sourcecode.swift; path = LogOptionEntity.swift; sourceTree = "<group>"; };
		B3C1DE632AFC76B200A1DF47 /* Product.json */ = {isa = PBXFileReference; fileEncoding = 4; lastKnownFileType = text.json; path = Product.json; sourceTree = "<group>"; };
		B3C1DE662AFC776600A1DF47 /* ProductEntity.swift */ = {isa = PBXFileReference; lastKnownFileType = sourcecode.swift; path = ProductEntity.swift; sourceTree = "<group>"; };
		B3E17EEB2AFB2E8300C1BB91 /* adcio_demo_app_ios.app */ = {isa = PBXFileReference; explicitFileType = wrapper.application; includeInIndex = 0; path = adcio_demo_app_ios.app; sourceTree = BUILT_PRODUCTS_DIR; };
		B3E17EEE2AFB2E8300C1BB91 /* DemoApp.swift */ = {isa = PBXFileReference; lastKnownFileType = sourcecode.swift; path = DemoApp.swift; sourceTree = "<group>"; };
		B3E17EF02AFB2E8300C1BB91 /* ContentView.swift */ = {isa = PBXFileReference; lastKnownFileType = sourcecode.swift; path = ContentView.swift; sourceTree = "<group>"; };
		B3E17EF22AFB2E8300C1BB91 /* Assets.xcassets */ = {isa = PBXFileReference; lastKnownFileType = folder.assetcatalog; path = Assets.xcassets; sourceTree = "<group>"; };
		B3E17EF52AFB2E8300C1BB91 /* Preview Assets.xcassets */ = {isa = PBXFileReference; lastKnownFileType = folder.assetcatalog; path = "Preview Assets.xcassets"; sourceTree = "<group>"; };
/* End PBXFileReference section */

/* Begin PBXFrameworksBuildPhase section */
		B3E17EE82AFB2E8300C1BB91 /* Frameworks */ = {
			isa = PBXFrameworksBuildPhase;
			buildActionMask = 2147483647;
			files = (
				6911E8DF2B679BAA005F02AB /* AdcioAnalytics in Frameworks */,
				6911E8DD2B679BAA005F02AB /* AdcioAgent in Frameworks */,
				6911E8E32B679BAA005F02AB /* AdcioSDK in Frameworks */,
				6911E8E12B679BAA005F02AB /* AdcioPlacement in Frameworks */,
			);
			runOnlyForDeploymentPostprocessing = 0;
		};
/* End PBXFrameworksBuildPhase section */

/* Begin PBXGroup section */
		6911E8C52B609C98005F02AB /* Detail */ = {
			isa = PBXGroup;
			children = (
				6911E8C62B609CA2005F02AB /* DetailViewModel.swift */,
				6911E8C82B609CCD005F02AB /* DetailView.swift */,
			);
			path = Detail;
			sourceTree = "<group>";
		};
		6911E8CC2B60EA39005F02AB /* Frameworks */ = {
			isa = PBXGroup;
			children = (
			);
			name = Frameworks;
			sourceTree = "<group>";
		};
		6911E8CF2B611AD3005F02AB /* Agent */ = {
			isa = PBXGroup;
			children = (
				6911E8D02B611AE0005F02AB /* AgentView.swift */,
			);
			path = Agent;
			sourceTree = "<group>";
		};
		9BDAC6482B5F808A0035DEC4 /* App */ = {
			isa = PBXGroup;
			children = (
				B3E17EEE2AFB2E8300C1BB91 /* DemoApp.swift */,
				B3E17EF02AFB2E8300C1BB91 /* ContentView.swift */,
				B3E17EF22AFB2E8300C1BB91 /* Assets.xcassets */,
				B3C1DE602AFC73EC00A1DF47 /* DummyJson */,
				B3E17EF42AFB2E8300C1BB91 /* Preview Content */,
			);
			path = App;
			sourceTree = "<group>";
		};
		9BDAC64B2B5F83F20035DEC4 /* Home */ = {
			isa = PBXGroup;
			children = (
				9BDAC64E2B5F86850035DEC4 /* HomeViewModel.swift */,
				6911E8E42B68CF95005F02AB /* HomeView.swift */,
			);
			path = Home;
			sourceTree = "<group>";
		};
		9BDAC6502B5FB1840035DEC4 /* Helper */ = {
			isa = PBXGroup;
			children = (
				9BDAC6512B5FB18E0035DEC4 /* Parser.swift */,
				9BDAC6532B5FD5A80035DEC4 /* Mapper.swift */,
			);
			path = Helper;
			sourceTree = "<group>";
		};
		B3C1DE602AFC73EC00A1DF47 /* DummyJson */ = {
			isa = PBXGroup;
			children = (
				B3C1DE632AFC76B200A1DF47 /* Product.json */,
			);
			path = DummyJson;
			sourceTree = "<group>";
		};
		B3C1DE652AFC775400A1DF47 /* Entity */ = {
			isa = PBXGroup;
			children = (
				B3C1DE662AFC776600A1DF47 /* ProductEntity.swift */,
				B34C29122B04C25D00FE212B /* LogOptionEntity.swift */,
				6911E8CA2B60E77A005F02AB /* SuggestionEntitiy.swift */,
			);
			path = Entity;
			sourceTree = "<group>";
		};
		B3E17EE22AFB2E8200C1BB91 = {
			isa = PBXGroup;
			children = (
				B3E17EED2AFB2E8300C1BB91 /* adcio_demo_app_ios */,
				B3E17EEC2AFB2E8300C1BB91 /* Products */,
				6911E8CC2B60EA39005F02AB /* Frameworks */,
			);
			sourceTree = "<group>";
		};
		B3E17EEC2AFB2E8300C1BB91 /* Products */ = {
			isa = PBXGroup;
			children = (
				B3E17EEB2AFB2E8300C1BB91 /* adcio_demo_app_ios.app */,
			);
			name = Products;
			sourceTree = "<group>";
		};
		B3E17EED2AFB2E8300C1BB91 /* adcio_demo_app_ios */ = {
			isa = PBXGroup;
			children = (
				6911E8CF2B611AD3005F02AB /* Agent */,
				B3C1DE652AFC775400A1DF47 /* Entity */,
				6911E8C52B609C98005F02AB /* Detail */,
				9BDAC6502B5FB1840035DEC4 /* Helper */,
				9BDAC64B2B5F83F20035DEC4 /* Home */,
				9BDAC6482B5F808A0035DEC4 /* App */,
			);
			path = adcio_demo_app_ios;
			sourceTree = "<group>";
		};
		B3E17EF42AFB2E8300C1BB91 /* Preview Content */ = {
			isa = PBXGroup;
			children = (
				B3E17EF52AFB2E8300C1BB91 /* Preview Assets.xcassets */,
			);
			path = "Preview Content";
			sourceTree = "<group>";
		};
/* End PBXGroup section */

/* Begin PBXNativeTarget section */
		B3E17EEA2AFB2E8300C1BB91 /* adcio_demo_app_ios */ = {
			isa = PBXNativeTarget;
			buildConfigurationList = B3E17EF92AFB2E8300C1BB91 /* Build configuration list for PBXNativeTarget "adcio_demo_app_ios" */;
			buildPhases = (
				B3E17EE72AFB2E8300C1BB91 /* Sources */,
				B3E17EE82AFB2E8300C1BB91 /* Frameworks */,
				B3E17EE92AFB2E8300C1BB91 /* Resources */,
			);
			buildRules = (
			);
			dependencies = (
			);
			name = adcio_demo_app_ios;
			packageProductDependencies = (
				6911E8DC2B679BAA005F02AB /* AdcioAgent */,
				6911E8DE2B679BAA005F02AB /* AdcioAnalytics */,
				6911E8E02B679BAA005F02AB /* AdcioPlacement */,
				6911E8E22B679BAA005F02AB /* AdcioSDK */,
			);
			productName = adcio_demo_app_ios;
			productReference = B3E17EEB2AFB2E8300C1BB91 /* adcio_demo_app_ios.app */;
			productType = "com.apple.product-type.application";
		};
/* End PBXNativeTarget section */

/* Begin PBXProject section */
		B3E17EE32AFB2E8200C1BB91 /* Project object */ = {
			isa = PBXProject;
			attributes = {
				BuildIndependentTargetsInParallel = 1;
				LastSwiftUpdateCheck = 1500;
				LastUpgradeCheck = 1500;
				TargetAttributes = {
					B3E17EEA2AFB2E8300C1BB91 = {
						CreatedOnToolsVersion = 15.0.1;
					};
				};
			};
			buildConfigurationList = B3E17EE62AFB2E8200C1BB91 /* Build configuration list for PBXProject "adcio_demo_app_ios" */;
			compatibilityVersion = "Xcode 14.0";
			developmentRegion = en;
			hasScannedForEncodings = 0;
			knownRegions = (
				en,
				Base,
			);
			mainGroup = B3E17EE22AFB2E8200C1BB91;
			packageReferences = (
				6911E8DB2B679BAA005F02AB /* XCRemoteSwiftPackageReference "adcio-ios-sdk" */,
			);
			productRefGroup = B3E17EEC2AFB2E8300C1BB91 /* Products */;
			projectDirPath = "";
			projectRoot = "";
			targets = (
				B3E17EEA2AFB2E8300C1BB91 /* adcio_demo_app_ios */,
			);
		};
/* End PBXProject section */

/* Begin PBXResourcesBuildPhase section */
		B3E17EE92AFB2E8300C1BB91 /* Resources */ = {
			isa = PBXResourcesBuildPhase;
			buildActionMask = 2147483647;
			files = (
				B3E17EF62AFB2E8300C1BB91 /* Preview Assets.xcassets in Resources */,
				B3C1DE642AFC76B200A1DF47 /* Product.json in Resources */,
				B3E17EF32AFB2E8300C1BB91 /* Assets.xcassets in Resources */,
			);
			runOnlyForDeploymentPostprocessing = 0;
		};
/* End PBXResourcesBuildPhase section */

/* Begin PBXSourcesBuildPhase section */
		B3E17EE72AFB2E8300C1BB91 /* Sources */ = {
			isa = PBXSourcesBuildPhase;
			buildActionMask = 2147483647;
			files = (
				6911E8C72B609CA2005F02AB /* DetailViewModel.swift in Sources */,
				B3C1DE672AFC776600A1DF47 /* ProductEntity.swift in Sources */,
				9BDAC6522B5FB18E0035DEC4 /* Parser.swift in Sources */,
				B3E17EF12AFB2E8300C1BB91 /* ContentView.swift in Sources */,
				9BDAC6542B5FD5A80035DEC4 /* Mapper.swift in Sources */,
				B34C29132B04C25D00FE212B /* LogOptionEntity.swift in Sources */,
				6911E8CB2B60E77A005F02AB /* SuggestionEntitiy.swift in Sources */,
				6911E8C92B609CCD005F02AB /* DetailView.swift in Sources */,
				9BDAC64F2B5F86850035DEC4 /* HomeViewModel.swift in Sources */,
				6911E8E52B68CF95005F02AB /* HomeView.swift in Sources */,
				B3E17EEF2AFB2E8300C1BB91 /* DemoApp.swift in Sources */,
				6911E8D12B611AE0005F02AB /* AgentView.swift in Sources */,
			);
			runOnlyForDeploymentPostprocessing = 0;
		};
/* End PBXSourcesBuildPhase section */

/* Begin XCBuildConfiguration section */
		B3E17EF72AFB2E8300C1BB91 /* Debug */ = {
			isa = XCBuildConfiguration;
			buildSettings = {
				ALWAYS_SEARCH_USER_PATHS = NO;
				ASSETCATALOG_COMPILER_GENERATE_SWIFT_ASSET_SYMBOL_EXTENSIONS = YES;
				CLANG_ANALYZER_NONNULL = YES;
				CLANG_ANALYZER_NUMBER_OBJECT_CONVERSION = YES_AGGRESSIVE;
				CLANG_CXX_LANGUAGE_STANDARD = "gnu++20";
				CLANG_ENABLE_MODULES = YES;
				CLANG_ENABLE_OBJC_ARC = YES;
				CLANG_ENABLE_OBJC_WEAK = YES;
				CLANG_WARN_BLOCK_CAPTURE_AUTORELEASING = YES;
				CLANG_WARN_BOOL_CONVERSION = YES;
				CLANG_WARN_COMMA = YES;
				CLANG_WARN_CONSTANT_CONVERSION = YES;
				CLANG_WARN_DEPRECATED_OBJC_IMPLEMENTATIONS = YES;
				CLANG_WARN_DIRECT_OBJC_ISA_USAGE = YES_ERROR;
				CLANG_WARN_DOCUMENTATION_COMMENTS = YES;
				CLANG_WARN_EMPTY_BODY = YES;
				CLANG_WARN_ENUM_CONVERSION = YES;
				CLANG_WARN_INFINITE_RECURSION = YES;
				CLANG_WARN_INT_CONVERSION = YES;
				CLANG_WARN_NON_LITERAL_NULL_CONVERSION = YES;
				CLANG_WARN_OBJC_IMPLICIT_RETAIN_SELF = YES;
				CLANG_WARN_OBJC_LITERAL_CONVERSION = YES;
				CLANG_WARN_OBJC_ROOT_CLASS = YES_ERROR;
				CLANG_WARN_QUOTED_INCLUDE_IN_FRAMEWORK_HEADER = YES;
				CLANG_WARN_RANGE_LOOP_ANALYSIS = YES;
				CLANG_WARN_STRICT_PROTOTYPES = YES;
				CLANG_WARN_SUSPICIOUS_MOVE = YES;
				CLANG_WARN_UNGUARDED_AVAILABILITY = YES_AGGRESSIVE;
				CLANG_WARN_UNREACHABLE_CODE = YES;
				CLANG_WARN__DUPLICATE_METHOD_MATCH = YES;
				COPY_PHASE_STRIP = NO;
				DEBUG_INFORMATION_FORMAT = dwarf;
				ENABLE_STRICT_OBJC_MSGSEND = YES;
				ENABLE_TESTABILITY = YES;
				ENABLE_USER_SCRIPT_SANDBOXING = YES;
				GCC_C_LANGUAGE_STANDARD = gnu17;
				GCC_DYNAMIC_NO_PIC = NO;
				GCC_NO_COMMON_BLOCKS = YES;
				GCC_OPTIMIZATION_LEVEL = 0;
				GCC_PREPROCESSOR_DEFINITIONS = (
					"DEBUG=1",
					"$(inherited)",
				);
				GCC_WARN_64_TO_32_BIT_CONVERSION = YES;
				GCC_WARN_ABOUT_RETURN_TYPE = YES_ERROR;
				GCC_WARN_UNDECLARED_SELECTOR = YES;
				GCC_WARN_UNINITIALIZED_AUTOS = YES_AGGRESSIVE;
				GCC_WARN_UNUSED_FUNCTION = YES;
				GCC_WARN_UNUSED_VARIABLE = YES;
				IPHONEOS_DEPLOYMENT_TARGET = 17.0;
				LOCALIZATION_PREFERS_STRING_CATALOGS = YES;
				MTL_ENABLE_DEBUG_INFO = INCLUDE_SOURCE;
				MTL_FAST_MATH = YES;
				ONLY_ACTIVE_ARCH = YES;
				SDKROOT = iphoneos;
				SWIFT_ACTIVE_COMPILATION_CONDITIONS = "DEBUG $(inherited)";
				SWIFT_OPTIMIZATION_LEVEL = "-Onone";
			};
			name = Debug;
		};
		B3E17EF82AFB2E8300C1BB91 /* Release */ = {
			isa = XCBuildConfiguration;
			buildSettings = {
				ALWAYS_SEARCH_USER_PATHS = NO;
				ASSETCATALOG_COMPILER_GENERATE_SWIFT_ASSET_SYMBOL_EXTENSIONS = YES;
				CLANG_ANALYZER_NONNULL = YES;
				CLANG_ANALYZER_NUMBER_OBJECT_CONVERSION = YES_AGGRESSIVE;
				CLANG_CXX_LANGUAGE_STANDARD = "gnu++20";
				CLANG_ENABLE_MODULES = YES;
				CLANG_ENABLE_OBJC_ARC = YES;
				CLANG_ENABLE_OBJC_WEAK = YES;
				CLANG_WARN_BLOCK_CAPTURE_AUTORELEASING = YES;
				CLANG_WARN_BOOL_CONVERSION = YES;
				CLANG_WARN_COMMA = YES;
				CLANG_WARN_CONSTANT_CONVERSION = YES;
				CLANG_WARN_DEPRECATED_OBJC_IMPLEMENTATIONS = YES;
				CLANG_WARN_DIRECT_OBJC_ISA_USAGE = YES_ERROR;
				CLANG_WARN_DOCUMENTATION_COMMENTS = YES;
				CLANG_WARN_EMPTY_BODY = YES;
				CLANG_WARN_ENUM_CONVERSION = YES;
				CLANG_WARN_INFINITE_RECURSION = YES;
				CLANG_WARN_INT_CONVERSION = YES;
				CLANG_WARN_NON_LITERAL_NULL_CONVERSION = YES;
				CLANG_WARN_OBJC_IMPLICIT_RETAIN_SELF = YES;
				CLANG_WARN_OBJC_LITERAL_CONVERSION = YES;
				CLANG_WARN_OBJC_ROOT_CLASS = YES_ERROR;
				CLANG_WARN_QUOTED_INCLUDE_IN_FRAMEWORK_HEADER = YES;
				CLANG_WARN_RANGE_LOOP_ANALYSIS = YES;
				CLANG_WARN_STRICT_PROTOTYPES = YES;
				CLANG_WARN_SUSPICIOUS_MOVE = YES;
				CLANG_WARN_UNGUARDED_AVAILABILITY = YES_AGGRESSIVE;
				CLANG_WARN_UNREACHABLE_CODE = YES;
				CLANG_WARN__DUPLICATE_METHOD_MATCH = YES;
				COPY_PHASE_STRIP = NO;
				DEBUG_INFORMATION_FORMAT = "dwarf-with-dsym";
				ENABLE_NS_ASSERTIONS = NO;
				ENABLE_STRICT_OBJC_MSGSEND = YES;
				ENABLE_USER_SCRIPT_SANDBOXING = YES;
				GCC_C_LANGUAGE_STANDARD = gnu17;
				GCC_NO_COMMON_BLOCKS = YES;
				GCC_WARN_64_TO_32_BIT_CONVERSION = YES;
				GCC_WARN_ABOUT_RETURN_TYPE = YES_ERROR;
				GCC_WARN_UNDECLARED_SELECTOR = YES;
				GCC_WARN_UNINITIALIZED_AUTOS = YES_AGGRESSIVE;
				GCC_WARN_UNUSED_FUNCTION = YES;
				GCC_WARN_UNUSED_VARIABLE = YES;
				IPHONEOS_DEPLOYMENT_TARGET = 17.0;
				LOCALIZATION_PREFERS_STRING_CATALOGS = YES;
				MTL_ENABLE_DEBUG_INFO = NO;
				MTL_FAST_MATH = YES;
				SDKROOT = iphoneos;
				SWIFT_COMPILATION_MODE = wholemodule;
				VALIDATE_PRODUCT = YES;
			};
			name = Release;
		};
		B3E17EFA2AFB2E8300C1BB91 /* Debug */ = {
			isa = XCBuildConfiguration;
			buildSettings = {
				ASSETCATALOG_COMPILER_APPICON_NAME = AppIcon;
				ASSETCATALOG_COMPILER_GLOBAL_ACCENT_COLOR_NAME = AccentColor;
				CODE_SIGN_STYLE = Automatic;
				CURRENT_PROJECT_VERSION = 1;
				DEVELOPMENT_ASSET_PATHS = "";
				DEVELOPMENT_TEAM = 6NR3Q6FK43;
				ENABLE_PREVIEWS = YES;
				GENERATE_INFOPLIST_FILE = YES;
				INFOPLIST_KEY_UIApplicationSceneManifest_Generation = YES;
				INFOPLIST_KEY_UIApplicationSupportsIndirectInputEvents = YES;
				INFOPLIST_KEY_UILaunchScreen_Generation = YES;
				INFOPLIST_KEY_UISupportedInterfaceOrientations_iPad = "UIInterfaceOrientationPortrait UIInterfaceOrientationPortraitUpsideDown UIInterfaceOrientationLandscapeLeft UIInterfaceOrientationLandscapeRight";
				INFOPLIST_KEY_UISupportedInterfaceOrientations_iPhone = "UIInterfaceOrientationPortrait UIInterfaceOrientationLandscapeLeft UIInterfaceOrientationLandscapeRight";
				IPHONEOS_DEPLOYMENT_TARGET = 17.0;
				LD_RUNPATH_SEARCH_PATHS = (
					"$(inherited)",
					"@executable_path/Frameworks",
				);
				MARKETING_VERSION = 1.0;
				PRODUCT_BUNDLE_IDENTIFIER = "ai.corca.adcio-demo-app-ios";
				PRODUCT_NAME = "$(TARGET_NAME)";
				SWIFT_EMIT_LOC_STRINGS = YES;
				SWIFT_VERSION = 5.0;
				TARGETED_DEVICE_FAMILY = "1,2";
			};
			name = Debug;
		};
		B3E17EFB2AFB2E8300C1BB91 /* Release */ = {
			isa = XCBuildConfiguration;
			buildSettings = {
				ASSETCATALOG_COMPILER_APPICON_NAME = AppIcon;
				ASSETCATALOG_COMPILER_GLOBAL_ACCENT_COLOR_NAME = AccentColor;
				CODE_SIGN_STYLE = Automatic;
				CURRENT_PROJECT_VERSION = 1;
				DEVELOPMENT_ASSET_PATHS = "";
				DEVELOPMENT_TEAM = 6NR3Q6FK43;
				ENABLE_PREVIEWS = YES;
				GENERATE_INFOPLIST_FILE = YES;
				INFOPLIST_KEY_UIApplicationSceneManifest_Generation = YES;
				INFOPLIST_KEY_UIApplicationSupportsIndirectInputEvents = YES;
				INFOPLIST_KEY_UILaunchScreen_Generation = YES;
				INFOPLIST_KEY_UISupportedInterfaceOrientations_iPad = "UIInterfaceOrientationPortrait UIInterfaceOrientationPortraitUpsideDown UIInterfaceOrientationLandscapeLeft UIInterfaceOrientationLandscapeRight";
				INFOPLIST_KEY_UISupportedInterfaceOrientations_iPhone = "UIInterfaceOrientationPortrait UIInterfaceOrientationLandscapeLeft UIInterfaceOrientationLandscapeRight";
				IPHONEOS_DEPLOYMENT_TARGET = 17.0;
				LD_RUNPATH_SEARCH_PATHS = (
					"$(inherited)",
					"@executable_path/Frameworks",
				);
				MARKETING_VERSION = 1.0;
				PRODUCT_BUNDLE_IDENTIFIER = "ai.corca.adcio-demo-app-ios";
				PRODUCT_NAME = "$(TARGET_NAME)";
				SWIFT_EMIT_LOC_STRINGS = YES;
				SWIFT_VERSION = 5.0;
				TARGETED_DEVICE_FAMILY = "1,2";
			};
			name = Release;
		};
/* End XCBuildConfiguration section */

/* Begin XCConfigurationList section */
		B3E17EE62AFB2E8200C1BB91 /* Build configuration list for PBXProject "adcio_demo_app_ios" */ = {
			isa = XCConfigurationList;
			buildConfigurations = (
				B3E17EF72AFB2E8300C1BB91 /* Debug */,
				B3E17EF82AFB2E8300C1BB91 /* Release */,
			);
			defaultConfigurationIsVisible = 0;
			defaultConfigurationName = Release;
		};
		B3E17EF92AFB2E8300C1BB91 /* Build configuration list for PBXNativeTarget "adcio_demo_app_ios" */ = {
			isa = XCConfigurationList;
			buildConfigurations = (
				B3E17EFA2AFB2E8300C1BB91 /* Debug */,
				B3E17EFB2AFB2E8300C1BB91 /* Release */,
			);
			defaultConfigurationIsVisible = 0;
			defaultConfigurationName = Release;
		};
/* End XCConfigurationList section */

/* Begin XCRemoteSwiftPackageReference section */
		6911E8DB2B679BAA005F02AB /* XCRemoteSwiftPackageReference "adcio-ios-sdk" */ = {
			isa = XCRemoteSwiftPackageReference;
			repositoryURL = "https://github.com/corca-ai/adcio-ios-sdk";
			requirement = {
				branch = demo;
				kind = branch;
			};
		};
/* End XCRemoteSwiftPackageReference section */

/* Begin XCSwiftPackageProductDependency section */
		6911E8DC2B679BAA005F02AB /* AdcioAgent */ = {
			isa = XCSwiftPackageProductDependency;
			package = 6911E8DB2B679BAA005F02AB /* XCRemoteSwiftPackageReference "adcio-ios-sdk" */;
			productName = AdcioAgent;
		};
		6911E8DE2B679BAA005F02AB /* AdcioAnalytics */ = {
			isa = XCSwiftPackageProductDependency;
			package = 6911E8DB2B679BAA005F02AB /* XCRemoteSwiftPackageReference "adcio-ios-sdk" */;
			productName = AdcioAnalytics;
		};
		6911E8E02B679BAA005F02AB /* AdcioPlacement */ = {
			isa = XCSwiftPackageProductDependency;
			package = 6911E8DB2B679BAA005F02AB /* XCRemoteSwiftPackageReference "adcio-ios-sdk" */;
			productName = AdcioPlacement;
		};
		6911E8E22B679BAA005F02AB /* AdcioSDK */ = {
			isa = XCSwiftPackageProductDependency;
			package = 6911E8DB2B679BAA005F02AB /* XCRemoteSwiftPackageReference "adcio-ios-sdk" */;
			productName = AdcioSDK;
		};
/* End XCSwiftPackageProductDependency section */
	};
	rootObject = B3E17EE32AFB2E8200C1BB91 /* Project object */;
}
