{
  "pins" : [
    {
      "identity" : "adcio-ios-sdk",
      "kind" : "remoteSourceControl",
      "location" : "https://github.com/corca-ai/adcio-ios-sdk",
      "state" : {
        "branch" : "feature/modulization",
        "revision" : "e1f7673f25a1bb08a3a063103d8f9edb67b6741c"
      }
    }
  ],
  "version" : 2
}
